{
  "dependencies": {
    "stripe": {
      "version": "3.6.0",
      "resolved": "https://registry.npmjs.org/stripe/-/stripe-3.6.0.tgz",
      "from": "stripe@3.6.0",
      "dependencies": {
        "bluebird": {
          "version": "2.9.34",
          "resolved": "https://registry.npmjs.org/bluebird/-/bluebird-2.9.34.tgz",
          "from": "bluebird@2.9.34"
        },
        "lodash": {
          "version": "3.10.0",
          "resolved": "https://registry.npmjs.org/lodash/-/lodash-3.10.0.tgz",
          "from": "lodash@3.10.0"
        },
        "qs": {
          "version": "2.4.2",
          "resolved": "https://registry.npmjs.org/qs/-/qs-2.4.2.tgz",
          "from": "qs@2.4.2"
        }
      }
    }
  }
}
